
Microsoft Visual Studio Solution File, Format Version 12.00
# Visual Studio Version 17
VisualStudioVersion = 17.8.34525.116
MinimumVisualStudioVersion = 10.0.40219.1
Project("{FAE04EC0-301F-11D3-BF4B-00C04F79EFBC}") = "TodoApp", "TodoApp\TodoApp.csproj", "{0E23F05A-7990-4FD2-9691-F63790FCFC49}"
EndProject
Global
	GlobalSection(SolutionConfigurationPlatforms) = preSolution
		Debug|Any CPU = Debug|Any CPU
		Release|Any CPU = Release|Any CPU
	EndGlobalSection
	GlobalSection(ProjectConfigurationPlatforms) = postSolution
		{0E23F05A-7990-4FD2-9691-F63790FCFC49}.Debug|Any CPU.ActiveCfg = Debug|Any CPU
		{0E23F05A-7990-4FD2-9691-F63790FCFC49}.Debug|Any CPU.Build.0 = Debug|Any CPU
		{0E23F05A-7990-4FD2-9691-F63790FCFC49}.Release|Any CPU.ActiveCfg = Release|Any CPU
		{0E23F05A-7990-4FD2-9691-F63790FCFC49}.Release|Any CPU.Build.0 = Release|Any CPU
	EndGlobalSection
	GlobalSection(SolutionProperties) = preSolution
		HideSolutionNode = FALSE
	EndGlobalSection
	GlobalSection(ExtensibilityGlobals) = postSolution
		SolutionGuid = {C1672C82-4A81-445E-8098-A30B49FBBF1F}
	EndGlobalSection
EndGlobal
